// !$*UTF8*$!
{
	archiveVersion = 1;
	classes = {
	};
	objectVersion = 48;
	objects = {

/* Begin PBXBuildFile section */
		2CAFCAFADA818FDAC525C58E /* Pods_MoviesUITests.framework in Frameworks */ = {isa = PBXBuildFile; fileRef = A9C61F736490D14E6A0951A8 /* Pods_MoviesUITests.framework */; };
		8113A847213CE22F003CB814 /* LaunchScreen.storyboard in Resources */ = {isa = PBXBuildFile; fileRef = 8113A840213CE22E003CB814 /* LaunchScreen.storyboard */; };
		8113A848213CE22F003CB814 /* Main.storyboard in Resources */ = {isa = PBXBuildFile; fileRef = 8113A842213CE22E003CB814 /* Main.storyboard */; };
		8113A84E213CE29C003CB814 /* SearchBarExtension.swift in Sources */ = {isa = PBXBuildFile; fileRef = 8113A849213CE29C003CB814 /* SearchBarExtension.swift */; };
		8113A84F213CE29C003CB814 /* ViewControllerExtensions.swift in Sources */ = {isa = PBXBuildFile; fileRef = 8113A84A213CE29C003CB814 /* ViewControllerExtensions.swift */; };
		8113A850213CE29C003CB814 /* StringExtension.swift in Sources */ = {isa = PBXBuildFile; fileRef = 8113A84B213CE29C003CB814 /* StringExtension.swift */; };
		8113A851213CE29C003CB814 /* ColorExtensions.swift in Sources */ = {isa = PBXBuildFile; fileRef = 8113A84C213CE29C003CB814 /* ColorExtensions.swift */; };
		8113A854213CE39B003CB814 /* ConstantColor.swift in Sources */ = {isa = PBXBuildFile; fileRef = 8113A853213CE39B003CB814 /* ConstantColor.swift */; };
		8113A858213CE625003CB814 /* APIClient.swift in Sources */ = {isa = PBXBuildFile; fileRef = 8113A855213CE624003CB814 /* APIClient.swift */; };
		8113A85A213CE625003CB814 /* APIConstant.swift in Sources */ = {isa = PBXBuildFile; fileRef = 8113A857213CE624003CB814 /* APIConstant.swift */; };
		8113A860213CE69B003CB814 /* Genre.swift in Sources */ = {isa = PBXBuildFile; fileRef = 8113A85D213CE69B003CB814 /* Genre.swift */; };
		8113A864213CE74F003CB814 /* RealmService.swift in Sources */ = {isa = PBXBuildFile; fileRef = 8113A863213CE74F003CB814 /* RealmService.swift */; };
		8113A875213CE867003CB814 /* NavigationView.xib in Resources */ = {isa = PBXBuildFile; fileRef = 8113A86B213CE866003CB814 /* NavigationView.xib */; };
		8113A876213CE867003CB814 /* NavigationView.swift in Sources */ = {isa = PBXBuildFile; fileRef = 8113A86C213CE866003CB814 /* NavigationView.swift */; };
		8113A877213CE867003CB814 /* FavoriteTableViewCell.xib in Resources */ = {isa = PBXBuildFile; fileRef = 8113A86E213CE866003CB814 /* FavoriteTableViewCell.xib */; };
		8113A878213CE867003CB814 /* FavoriteTableViewCell.swift in Sources */ = {isa = PBXBuildFile; fileRef = 8113A86F213CE866003CB814 /* FavoriteTableViewCell.swift */; };
		8113A87D213CEFD8003CB814 /* MovieCollectionViewCell.swift in Sources */ = {isa = PBXBuildFile; fileRef = 8113A87B213CEFD8003CB814 /* MovieCollectionViewCell.swift */; };
		8113A87E213CEFD8003CB814 /* MovieCollectionViewCell.xib in Resources */ = {isa = PBXBuildFile; fileRef = 8113A87C213CEFD8003CB814 /* MovieCollectionViewCell.xib */; };
		8155027E2140B46600A09C6D /* Filter.storyboard in Resources */ = {isa = PBXBuildFile; fileRef = 8155027D2140B46600A09C6D /* Filter.storyboard */; };
		815502812140B4A800A09C6D /* FilterViewController.swift in Sources */ = {isa = PBXBuildFile; fileRef = 8155027F2140B4A700A09C6D /* FilterViewController.swift */; };
		815502822140B4A800A09C6D /* FilterHelper.swift in Sources */ = {isa = PBXBuildFile; fileRef = 815502802140B4A700A09C6D /* FilterHelper.swift */; };
		815502902140C01100A09C6D /* ListFilterViewController.swift in Sources */ = {isa = PBXBuildFile; fileRef = 8155028F2140C01100A09C6D /* ListFilterViewController.swift */; };
		815502942140C22900A09C6D /* FilterTableViewCell.swift in Sources */ = {isa = PBXBuildFile; fileRef = 815502922140C22900A09C6D /* FilterTableViewCell.swift */; };
		815502952140C22900A09C6D /* FilterTableViewCell.xib in Resources */ = {isa = PBXBuildFile; fileRef = 815502932140C22900A09C6D /* FilterTableViewCell.xib */; };
		815502A32140DAEF00A09C6D /* UIApplicationExtension.swift in Sources */ = {isa = PBXBuildFile; fileRef = 815502A22140DAEF00A09C6D /* UIApplicationExtension.swift */; };
		817C9C17213F61A700431F6B /* ViewExtension.swift in Sources */ = {isa = PBXBuildFile; fileRef = 817C9C16213F61A700431F6B /* ViewExtension.swift */; };
		8188FDF0213E2A24006E1D86 /* Utils.swift in Sources */ = {isa = PBXBuildFile; fileRef = 8188FDEF213E2A24006E1D86 /* Utils.swift */; };
		8188FDF2213E3139006E1D86 /* Movie.swift in Sources */ = {isa = PBXBuildFile; fileRef = 8188FDF1213E3139006E1D86 /* Movie.swift */; };
		81D9E7CD213CCFAB00E2F282 /* AppDelegate.swift in Sources */ = {isa = PBXBuildFile; fileRef = 81D9E7CC213CCFAB00E2F282 /* AppDelegate.swift */; };
		81D9E7D4213CCFAB00E2F282 /* Assets.xcassets in Resources */ = {isa = PBXBuildFile; fileRef = 81D9E7D3213CCFAB00E2F282 /* Assets.xcassets */; };
		81D9E7E2213CCFAB00E2F282 /* MoviesTests.swift in Sources */ = {isa = PBXBuildFile; fileRef = 81D9E7E1213CCFAB00E2F282 /* MoviesTests.swift */; };
		81D9E7ED213CCFAB00E2F282 /* MoviesUITests.swift in Sources */ = {isa = PBXBuildFile; fileRef = 81D9E7EC213CCFAB00E2F282 /* MoviesUITests.swift */; };
		81D9E800213CD0AC00E2F282 /* MoviesViewController.swift in Sources */ = {isa = PBXBuildFile; fileRef = 81D9E7FF213CD0AC00E2F282 /* MoviesViewController.swift */; };
		81D9E803213CD0C000E2F282 /* DetailMovieViewController.swift in Sources */ = {isa = PBXBuildFile; fileRef = 81D9E802213CD0C000E2F282 /* DetailMovieViewController.swift */; };
		81D9E805213CD0DE00E2F282 /* FavoriteViewController.swift in Sources */ = {isa = PBXBuildFile; fileRef = 81D9E804213CD0DD00E2F282 /* FavoriteViewController.swift */; };
		81D9E80C213CDDBE00E2F282 /* MoviesPresenter.swift in Sources */ = {isa = PBXBuildFile; fileRef = 81D9E80B213CDDBE00E2F282 /* MoviesPresenter.swift */; };
		81D9E80E213CDDCC00E2F282 /* DetailMoviePresenter.swift in Sources */ = {isa = PBXBuildFile; fileRef = 81D9E80D213CDDCC00E2F282 /* DetailMoviePresenter.swift */; };
		81D9E810213CDDD700E2F282 /* FavoritePresenter.swift in Sources */ = {isa = PBXBuildFile; fileRef = 81D9E80F213CDDD700E2F282 /* FavoritePresenter.swift */; };
		81D9E812213CDE0100E2F282 /* MoviesContract.swift in Sources */ = {isa = PBXBuildFile; fileRef = 81D9E811213CDE0100E2F282 /* MoviesContract.swift */; };
		81D9E814213CDE1200E2F282 /* DetailMovieContract.swift in Sources */ = {isa = PBXBuildFile; fileRef = 81D9E813213CDE1200E2F282 /* DetailMovieContract.swift */; };
		81D9E816213CDE1D00E2F282 /* FavoriteContract.swift in Sources */ = {isa = PBXBuildFile; fileRef = 81D9E815213CDE1D00E2F282 /* FavoriteContract.swift */; };
		992728EA1A3B3A543EDC4D24 /* Pods_MoviesTests.framework in Frameworks */ = {isa = PBXBuildFile; fileRef = F0CE0FC087F6BAA7B304E31D /* Pods_MoviesTests.framework */; };
		E836CE87261C6C8D13990913 /* Pods_Movies.framework in Frameworks */ = {isa = PBXBuildFile; fileRef = 5D794F0CD8DE61FCC387D8A4 /* Pods_Movies.framework */; };
/* End PBXBuildFile section */

/* Begin PBXContainerItemProxy section */
		81D9E7DE213CCFAB00E2F282 /* PBXContainerItemProxy */ = {
			isa = PBXContainerItemProxy;
			containerPortal = 81D9E7C1213CCFAA00E2F282 /* Project object */;
			proxyType = 1;
			remoteGlobalIDString = 81D9E7C8213CCFAB00E2F282;
			remoteInfo = Movies;
		};
		81D9E7E9213CCFAB00E2F282 /* PBXContainerItemProxy */ = {
			isa = PBXContainerItemProxy;
			containerPortal = 81D9E7C1213CCFAA00E2F282 /* Project object */;
			proxyType = 1;
			remoteGlobalIDString = 81D9E7C8213CCFAB00E2F282;
			remoteInfo = Movies;
		};
/* End PBXContainerItemProxy section */

/* Begin PBXFileReference section */
		18DC63E7928D519540B6DDC0 /* Pods-Movies.release.xcconfig */ = {isa = PBXFileReference; includeInIndex = 1; lastKnownFileType = text.xcconfig; name = "Pods-Movies.release.xcconfig"; path = "Pods/Target Support Files/Pods-Movies/Pods-Movies.release.xcconfig"; sourceTree = "<group>"; };
		469C1C02A7324E064915DF1A /* Pods-MoviesUITests.debug.xcconfig */ = {isa = PBXFileReference; includeInIndex = 1; lastKnownFileType = text.xcconfig; name = "Pods-MoviesUITests.debug.xcconfig"; path = "Pods/Target Support Files/Pods-MoviesUITests/Pods-MoviesUITests.debug.xcconfig"; sourceTree = "<group>"; };
		4DB891C16600BA2147555907 /* Pods-MoviesUITests.release.xcconfig */ = {isa = PBXFileReference; includeInIndex = 1; lastKnownFileType = text.xcconfig; name = "Pods-MoviesUITests.release.xcconfig"; path = "Pods/Target Support Files/Pods-MoviesUITests/Pods-MoviesUITests.release.xcconfig"; sourceTree = "<group>"; };
		5D794F0CD8DE61FCC387D8A4 /* Pods_Movies.framework */ = {isa = PBXFileReference; explicitFileType = wrapper.framework; includeInIndex = 0; path = Pods_Movies.framework; sourceTree = BUILT_PRODUCTS_DIR; };
		6A958D6FD9E873791943B1B0 /* Pods-MoviesTests.debug.xcconfig */ = {isa = PBXFileReference; includeInIndex = 1; lastKnownFileType = text.xcconfig; name = "Pods-MoviesTests.debug.xcconfig"; path = "Pods/Target Support Files/Pods-MoviesTests/Pods-MoviesTests.debug.xcconfig"; sourceTree = "<group>"; };
		8113A841213CE22E003CB814 /* Base */ = {isa = PBXFileReference; lastKnownFileType = file.storyboard; name = Base; path = Base.lproj/LaunchScreen.storyboard; sourceTree = "<group>"; };
		8113A843213CE22E003CB814 /* Base */ = {isa = PBXFileReference; lastKnownFileType = file.storyboard; name = Base; path = Base.lproj/Main.storyboard; sourceTree = "<group>"; };
		8113A849213CE29C003CB814 /* SearchBarExtension.swift */ = {isa = PBXFileReference; fileEncoding = 4; lastKnownFileType = sourcecode.swift; path = SearchBarExtension.swift; sourceTree = "<group>"; };
		8113A84A213CE29C003CB814 /* ViewControllerExtensions.swift */ = {isa = PBXFileReference; fileEncoding = 4; lastKnownFileType = sourcecode.swift; path = ViewControllerExtensions.swift; sourceTree = "<group>"; };
		8113A84B213CE29C003CB814 /* StringExtension.swift */ = {isa = PBXFileReference; fileEncoding = 4; lastKnownFileType = sourcecode.swift; path = StringExtension.swift; sourceTree = "<group>"; };
		8113A84C213CE29C003CB814 /* ColorExtensions.swift */ = {isa = PBXFileReference; fileEncoding = 4; lastKnownFileType = sourcecode.swift; path = ColorExtensions.swift; sourceTree = "<group>"; };
		8113A853213CE39B003CB814 /* ConstantColor.swift */ = {isa = PBXFileReference; fileEncoding = 4; lastKnownFileType = sourcecode.swift; path = ConstantColor.swift; sourceTree = "<group>"; };
		8113A855213CE624003CB814 /* APIClient.swift */ = {isa = PBXFileReference; fileEncoding = 4; lastKnownFileType = sourcecode.swift; path = APIClient.swift; sourceTree = "<group>"; };
		8113A857213CE624003CB814 /* APIConstant.swift */ = {isa = PBXFileReference; fileEncoding = 4; lastKnownFileType = sourcecode.swift; path = APIConstant.swift; sourceTree = "<group>"; };
		8113A85D213CE69B003CB814 /* Genre.swift */ = {isa = PBXFileReference; fileEncoding = 4; lastKnownFileType = sourcecode.swift; path = Genre.swift; sourceTree = "<group>"; };
		8113A863213CE74F003CB814 /* RealmService.swift */ = {isa = PBXFileReference; fileEncoding = 4; lastKnownFileType = sourcecode.swift; path = RealmService.swift; sourceTree = "<group>"; };
		8113A86B213CE866003CB814 /* NavigationView.xib */ = {isa = PBXFileReference; fileEncoding = 4; lastKnownFileType = file.xib; path = NavigationView.xib; sourceTree = "<group>"; };
		8113A86C213CE866003CB814 /* NavigationView.swift */ = {isa = PBXFileReference; fileEncoding = 4; lastKnownFileType = sourcecode.swift; path = NavigationView.swift; sourceTree = "<group>"; };
		8113A86E213CE866003CB814 /* FavoriteTableViewCell.xib */ = {isa = PBXFileReference; fileEncoding = 4; lastKnownFileType = file.xib; path = FavoriteTableViewCell.xib; sourceTree = "<group>"; };
		8113A86F213CE866003CB814 /* FavoriteTableViewCell.swift */ = {isa = PBXFileReference; fileEncoding = 4; lastKnownFileType = sourcecode.swift; path = FavoriteTableViewCell.swift; sourceTree = "<group>"; };
		8113A87B213CEFD8003CB814 /* MovieCollectionViewCell.swift */ = {isa = PBXFileReference; lastKnownFileType = sourcecode.swift; path = MovieCollectionViewCell.swift; sourceTree = "<group>"; };
		8113A87C213CEFD8003CB814 /* MovieCollectionViewCell.xib */ = {isa = PBXFileReference; lastKnownFileType = file.xib; path = MovieCollectionViewCell.xib; sourceTree = "<group>"; };
		8155027D2140B46600A09C6D /* Filter.storyboard */ = {isa = PBXFileReference; lastKnownFileType = file.storyboard; path = Filter.storyboard; sourceTree = "<group>"; };
		8155027F2140B4A700A09C6D /* FilterViewController.swift */ = {isa = PBXFileReference; fileEncoding = 4; lastKnownFileType = sourcecode.swift; path = FilterViewController.swift; sourceTree = "<group>"; };
		815502802140B4A700A09C6D /* FilterHelper.swift */ = {isa = PBXFileReference; fileEncoding = 4; lastKnownFileType = sourcecode.swift; path = FilterHelper.swift; sourceTree = "<group>"; };
		8155028F2140C01100A09C6D /* ListFilterViewController.swift */ = {isa = PBXFileReference; lastKnownFileType = sourcecode.swift; path = ListFilterViewController.swift; sourceTree = "<group>"; };
		815502922140C22900A09C6D /* FilterTableViewCell.swift */ = {isa = PBXFileReference; lastKnownFileType = sourcecode.swift; path = FilterTableViewCell.swift; sourceTree = "<group>"; };
		815502932140C22900A09C6D /* FilterTableViewCell.xib */ = {isa = PBXFileReference; lastKnownFileType = file.xib; path = FilterTableViewCell.xib; sourceTree = "<group>"; };
		815502A22140DAEF00A09C6D /* UIApplicationExtension.swift */ = {isa = PBXFileReference; fileEncoding = 4; lastKnownFileType = sourcecode.swift; path = UIApplicationExtension.swift; sourceTree = "<group>"; };
		817C9C16213F61A700431F6B /* ViewExtension.swift */ = {isa = PBXFileReference; fileEncoding = 4; lastKnownFileType = sourcecode.swift; path = ViewExtension.swift; sourceTree = "<group>"; };
		8188FDEF213E2A24006E1D86 /* Utils.swift */ = {isa = PBXFileReference; fileEncoding = 4; lastKnownFileType = sourcecode.swift; path = Utils.swift; sourceTree = "<group>"; };
		8188FDF1213E3139006E1D86 /* Movie.swift */ = {isa = PBXFileReference; lastKnownFileType = sourcecode.swift; path = Movie.swift; sourceTree = "<group>"; };
		81D9E7C9213CCFAB00E2F282 /* Movies.app */ = {isa = PBXFileReference; explicitFileType = wrapper.application; includeInIndex = 0; path = Movies.app; sourceTree = BUILT_PRODUCTS_DIR; };
		81D9E7CC213CCFAB00E2F282 /* AppDelegate.swift */ = {isa = PBXFileReference; lastKnownFileType = sourcecode.swift; path = AppDelegate.swift; sourceTree = "<group>"; };
		81D9E7D3213CCFAB00E2F282 /* Assets.xcassets */ = {isa = PBXFileReference; lastKnownFileType = folder.assetcatalog; path = Assets.xcassets; sourceTree = "<group>"; };
		81D9E7D8213CCFAB00E2F282 /* Info.plist */ = {isa = PBXFileReference; lastKnownFileType = text.plist.xml; path = Info.plist; sourceTree = "<group>"; };
		81D9E7DD213CCFAB00E2F282 /* MoviesTests.xctest */ = {isa = PBXFileReference; explicitFileType = wrapper.cfbundle; includeInIndex = 0; path = MoviesTests.xctest; sourceTree = BUILT_PRODUCTS_DIR; };
		81D9E7E1213CCFAB00E2F282 /* MoviesTests.swift */ = {isa = PBXFileReference; lastKnownFileType = sourcecode.swift; path = MoviesTests.swift; sourceTree = "<group>"; };
		81D9E7E3213CCFAB00E2F282 /* Info.plist */ = {isa = PBXFileReference; lastKnownFileType = text.plist.xml; path = Info.plist; sourceTree = "<group>"; };
		81D9E7E8213CCFAB00E2F282 /* MoviesUITests.xctest */ = {isa = PBXFileReference; explicitFileType = wrapper.cfbundle; includeInIndex = 0; path = MoviesUITests.xctest; sourceTree = BUILT_PRODUCTS_DIR; };
		81D9E7EC213CCFAB00E2F282 /* MoviesUITests.swift */ = {isa = PBXFileReference; lastKnownFileType = sourcecode.swift; path = MoviesUITests.swift; sourceTree = "<group>"; };
		81D9E7EE213CCFAB00E2F282 /* Info.plist */ = {isa = PBXFileReference; lastKnownFileType = text.plist.xml; path = Info.plist; sourceTree = "<group>"; };
		81D9E7FF213CD0AC00E2F282 /* MoviesViewController.swift */ = {isa = PBXFileReference; lastKnownFileType = sourcecode.swift; path = MoviesViewController.swift; sourceTree = "<group>"; };
		81D9E802213CD0C000E2F282 /* DetailMovieViewController.swift */ = {isa = PBXFileReference; lastKnownFileType = sourcecode.swift; path = DetailMovieViewController.swift; sourceTree = "<group>"; };
		81D9E804213CD0DD00E2F282 /* FavoriteViewController.swift */ = {isa = PBXFileReference; lastKnownFileType = sourcecode.swift; path = FavoriteViewController.swift; sourceTree = "<group>"; };
		81D9E80B213CDDBE00E2F282 /* MoviesPresenter.swift */ = {isa = PBXFileReference; lastKnownFileType = sourcecode.swift; path = MoviesPresenter.swift; sourceTree = "<group>"; };
		81D9E80D213CDDCC00E2F282 /* DetailMoviePresenter.swift */ = {isa = PBXFileReference; lastKnownFileType = sourcecode.swift; path = DetailMoviePresenter.swift; sourceTree = "<group>"; };
		81D9E80F213CDDD700E2F282 /* FavoritePresenter.swift */ = {isa = PBXFileReference; lastKnownFileType = sourcecode.swift; path = FavoritePresenter.swift; sourceTree = "<group>"; };
		81D9E811213CDE0100E2F282 /* MoviesContract.swift */ = {isa = PBXFileReference; lastKnownFileType = sourcecode.swift; path = MoviesContract.swift; sourceTree = "<group>"; };
		81D9E813213CDE1200E2F282 /* DetailMovieContract.swift */ = {isa = PBXFileReference; lastKnownFileType = sourcecode.swift; path = DetailMovieContract.swift; sourceTree = "<group>"; };
		81D9E815213CDE1D00E2F282 /* FavoriteContract.swift */ = {isa = PBXFileReference; lastKnownFileType = sourcecode.swift; path = FavoriteContract.swift; sourceTree = "<group>"; };
		90C401CD3B8BAC16DE5F8C2C /* Pods-MoviesTests.release.xcconfig */ = {isa = PBXFileReference; includeInIndex = 1; lastKnownFileType = text.xcconfig; name = "Pods-MoviesTests.release.xcconfig"; path = "Pods/Target Support Files/Pods-MoviesTests/Pods-MoviesTests.release.xcconfig"; sourceTree = "<group>"; };
		A9C61F736490D14E6A0951A8 /* Pods_MoviesUITests.framework */ = {isa = PBXFileReference; explicitFileType = wrapper.framework; includeInIndex = 0; path = Pods_MoviesUITests.framework; sourceTree = BUILT_PRODUCTS_DIR; };
		B1898E106DB87CDDA125884C /* Pods-Movies.debug.xcconfig */ = {isa = PBXFileReference; includeInIndex = 1; lastKnownFileType = text.xcconfig; name = "Pods-Movies.debug.xcconfig"; path = "Pods/Target Support Files/Pods-Movies/Pods-Movies.debug.xcconfig"; sourceTree = "<group>"; };
		F0CE0FC087F6BAA7B304E31D /* Pods_MoviesTests.framework */ = {isa = PBXFileReference; explicitFileType = wrapper.framework; includeInIndex = 0; path = Pods_MoviesTests.framework; sourceTree = BUILT_PRODUCTS_DIR; };
/* End PBXFileReference section */

/* Begin PBXFrameworksBuildPhase section */
		81D9E7C6213CCFAB00E2F282 /* Frameworks */ = {
			isa = PBXFrameworksBuildPhase;
			buildActionMask = 2147483647;
			files = (
				E836CE87261C6C8D13990913 /* Pods_Movies.framework in Frameworks */,
			);
			runOnlyForDeploymentPostprocessing = 0;
		};
		81D9E7DA213CCFAB00E2F282 /* Frameworks */ = {
			isa = PBXFrameworksBuildPhase;
			buildActionMask = 2147483647;
			files = (
				992728EA1A3B3A543EDC4D24 /* Pods_MoviesTests.framework in Frameworks */,
			);
			runOnlyForDeploymentPostprocessing = 0;
		};
		81D9E7E5213CCFAB00E2F282 /* Frameworks */ = {
			isa = PBXFrameworksBuildPhase;
			buildActionMask = 2147483647;
			files = (
				2CAFCAFADA818FDAC525C58E /* Pods_MoviesUITests.framework in Frameworks */,
			);
			runOnlyForDeploymentPostprocessing = 0;
		};
/* End PBXFrameworksBuildPhase section */

/* Begin PBXGroup section */
		11E04BCF9B760A8533366FAC /* Pods */ = {
			isa = PBXGroup;
			children = (
				B1898E106DB87CDDA125884C /* Pods-Movies.debug.xcconfig */,
				18DC63E7928D519540B6DDC0 /* Pods-Movies.release.xcconfig */,
				6A958D6FD9E873791943B1B0 /* Pods-MoviesTests.debug.xcconfig */,
				90C401CD3B8BAC16DE5F8C2C /* Pods-MoviesTests.release.xcconfig */,
				469C1C02A7324E064915DF1A /* Pods-MoviesUITests.debug.xcconfig */,
				4DB891C16600BA2147555907 /* Pods-MoviesUITests.release.xcconfig */,
			);
			name = Pods;
			sourceTree = "<group>";
		};
		8113A83A213CE22E003CB814 /* CustomizeApp */ = {
			isa = PBXGroup;
			children = (
				8113A853213CE39B003CB814 /* ConstantColor.swift */,
			);
			path = CustomizeApp;
			sourceTree = "<group>";
		};
		8113A83B213CE22E003CB814 /* CustomViews */ = {
			isa = PBXGroup;
			children = (
				815502912140C20C00A09C6D /* CellFilter */,
				8155027C2140B45800A09C6D /* Filter */,
				8113A87A213CEF17003CB814 /* CollectionMovie */,
				8113A86D213CE866003CB814 /* CellFavorite */,
				8113A86A213CE866003CB814 /* NavigationView */,
			);
			path = CustomViews;
			sourceTree = "<group>";
		};
		8113A83E213CE22E003CB814 /* Api */ = {
			isa = PBXGroup;
			children = (
				8113A857213CE624003CB814 /* APIConstant.swift */,
				8113A855213CE624003CB814 /* APIClient.swift */,
			);
			path = Api;
			sourceTree = "<group>";
		};
		8113A83F213CE22E003CB814 /* Assets */ = {
			isa = PBXGroup;
			children = (
				8113A840213CE22E003CB814 /* LaunchScreen.storyboard */,
				8113A842213CE22E003CB814 /* Main.storyboard */,
			);
			path = Assets;
			sourceTree = "<group>";
		};
		8113A844213CE22E003CB814 /* Entities */ = {
			isa = PBXGroup;
			children = (
				8113A85B213CE69B003CB814 /* Codables */,
				8113A85E213CE69B003CB814 /* Models */,
			);
			path = Entities;
			sourceTree = "<group>";
		};
		8113A845213CE22F003CB814 /* Extensions */ = {
			isa = PBXGroup;
			children = (
				815502A22140DAEF00A09C6D /* UIApplicationExtension.swift */,
				817C9C16213F61A700431F6B /* ViewExtension.swift */,
				8113A84C213CE29C003CB814 /* ColorExtensions.swift */,
				8113A849213CE29C003CB814 /* SearchBarExtension.swift */,
				8113A84B213CE29C003CB814 /* StringExtension.swift */,
				8113A84A213CE29C003CB814 /* ViewControllerExtensions.swift */,
			);
			path = Extensions;
			sourceTree = "<group>";
		};
		8113A85B213CE69B003CB814 /* Codables */ = {
			isa = PBXGroup;
			children = (
				8113A85D213CE69B003CB814 /* Genre.swift */,
				8188FDF1213E3139006E1D86 /* Movie.swift */,
			);
			path = Codables;
			sourceTree = "<group>";
		};
		8113A85E213CE69B003CB814 /* Models */ = {
			isa = PBXGroup;
			children = (
			);
			path = Models;
			sourceTree = "<group>";
		};
		8113A861213CE74F003CB814 /* Utils */ = {
			isa = PBXGroup;
			children = (
				8188FDEF213E2A24006E1D86 /* Utils.swift */,
				8113A862213CE74F003CB814 /* Realm */,
			);
			path = Utils;
			sourceTree = "<group>";
		};
		8113A862213CE74F003CB814 /* Realm */ = {
			isa = PBXGroup;
			children = (
				8113A863213CE74F003CB814 /* RealmService.swift */,
			);
			path = Realm;
			sourceTree = "<group>";
		};
		8113A86A213CE866003CB814 /* NavigationView */ = {
			isa = PBXGroup;
			children = (
				8113A86B213CE866003CB814 /* NavigationView.xib */,
				8113A86C213CE866003CB814 /* NavigationView.swift */,
			);
			path = NavigationView;
			sourceTree = "<group>";
		};
		8113A86D213CE866003CB814 /* CellFavorite */ = {
			isa = PBXGroup;
			children = (
				8113A86E213CE866003CB814 /* FavoriteTableViewCell.xib */,
				8113A86F213CE866003CB814 /* FavoriteTableViewCell.swift */,
			);
			path = CellFavorite;
			sourceTree = "<group>";
		};
		8113A87A213CEF17003CB814 /* CollectionMovie */ = {
			isa = PBXGroup;
			children = (
				8113A87C213CEFD8003CB814 /* MovieCollectionViewCell.xib */,
				8113A87B213CEFD8003CB814 /* MovieCollectionViewCell.swift */,
			);
			path = CollectionMovie;
			sourceTree = "<group>";
		};
		8155027C2140B45800A09C6D /* Filter */ = {
			isa = PBXGroup;
			children = (
				815502802140B4A700A09C6D /* FilterHelper.swift */,
				8155027F2140B4A700A09C6D /* FilterViewController.swift */,
				8155028F2140C01100A09C6D /* ListFilterViewController.swift */,
				8155027D2140B46600A09C6D /* Filter.storyboard */,
			);
			path = Filter;
			sourceTree = "<group>";
		};
		815502912140C20C00A09C6D /* CellFilter */ = {
			isa = PBXGroup;
			children = (
				815502932140C22900A09C6D /* FilterTableViewCell.xib */,
				815502922140C22900A09C6D /* FilterTableViewCell.swift */,
			);
			path = CellFilter;
			sourceTree = "<group>";
		};
		81D9E7C0213CCFAA00E2F282 = {
			isa = PBXGroup;
			children = (
				81D9E7CB213CCFAB00E2F282 /* Movies */,
				81D9E7E0213CCFAB00E2F282 /* MoviesTests */,
				81D9E7EB213CCFAB00E2F282 /* MoviesUITests */,
				81D9E7CA213CCFAB00E2F282 /* Products */,
				11E04BCF9B760A8533366FAC /* Pods */,
				A0DB65145C909C7FFF4FBC41 /* Frameworks */,
			);
			sourceTree = "<group>";
		};
		81D9E7CA213CCFAB00E2F282 /* Products */ = {
			isa = PBXGroup;
			children = (
				81D9E7C9213CCFAB00E2F282 /* Movies.app */,
				81D9E7DD213CCFAB00E2F282 /* MoviesTests.xctest */,
				81D9E7E8213CCFAB00E2F282 /* MoviesUITests.xctest */,
			);
			name = Products;
			sourceTree = "<group>";
		};
		81D9E7CB213CCFAB00E2F282 /* Movies */ = {
			isa = PBXGroup;
			children = (
				81D9E7CC213CCFAB00E2F282 /* AppDelegate.swift */,
				81D9E7D8213CCFAB00E2F282 /* Info.plist */,
				81D9E7FA213CD06700E2F282 /* App */,
				8113A83E213CE22E003CB814 /* Api */,
				8113A83B213CE22E003CB814 /* CustomViews */,
				8113A844213CE22E003CB814 /* Entities */,
				8113A861213CE74F003CB814 /* Utils */,
				8113A845213CE22F003CB814 /* Extensions */,
				8113A83A213CE22E003CB814 /* CustomizeApp */,
				8113A83F213CE22E003CB814 /* Assets */,
				81D9E806213CD29A00E2F282 /* Resources */,
			);
			path = Movies;
			sourceTree = "<group>";
		};
		81D9E7E0213CCFAB00E2F282 /* MoviesTests */ = {
			isa = PBXGroup;
			children = (
				81D9E7E1213CCFAB00E2F282 /* MoviesTests.swift */,
				81D9E7E3213CCFAB00E2F282 /* Info.plist */,
			);
			path = MoviesTests;
			sourceTree = "<group>";
		};
		81D9E7EB213CCFAB00E2F282 /* MoviesUITests */ = {
			isa = PBXGroup;
			children = (
				81D9E7EC213CCFAB00E2F282 /* MoviesUITests.swift */,
				81D9E7EE213CCFAB00E2F282 /* Info.plist */,
			);
			path = MoviesUITests;
			sourceTree = "<group>";
		};
		81D9E7FA213CD06700E2F282 /* App */ = {
			isa = PBXGroup;
			children = (
				81D9E7FB213CD07000E2F282 /* Movies */,
			);
			path = App;
			sourceTree = "<group>";
		};
		81D9E7FB213CD07000E2F282 /* Movies */ = {
			isa = PBXGroup;
			children = (
				81D9E7FC213CD07900E2F282 /* Contract */,
				81D9E7FD213CD07E00E2F282 /* Presenter */,
				81D9E7FE213CD08500E2F282 /* View */,
			);
			path = Movies;
			sourceTree = "<group>";
		};
		81D9E7FC213CD07900E2F282 /* Contract */ = {
			isa = PBXGroup;
			children = (
				81D9E811213CDE0100E2F282 /* MoviesContract.swift */,
				81D9E813213CDE1200E2F282 /* DetailMovieContract.swift */,
				81D9E815213CDE1D00E2F282 /* FavoriteContract.swift */,
			);
			path = Contract;
			sourceTree = "<group>";
		};
		81D9E7FD213CD07E00E2F282 /* Presenter */ = {
			isa = PBXGroup;
			children = (
				81D9E80B213CDDBE00E2F282 /* MoviesPresenter.swift */,
				81D9E80D213CDDCC00E2F282 /* DetailMoviePresenter.swift */,
				81D9E80F213CDDD700E2F282 /* FavoritePresenter.swift */,
			);
			path = Presenter;
			sourceTree = "<group>";
		};
		81D9E7FE213CD08500E2F282 /* View */ = {
			isa = PBXGroup;
			children = (
				81D9E7FF213CD0AC00E2F282 /* MoviesViewController.swift */,
				81D9E802213CD0C000E2F282 /* DetailMovieViewController.swift */,
				81D9E804213CD0DD00E2F282 /* FavoriteViewController.swift */,
			);
			path = View;
			sourceTree = "<group>";
		};
		81D9E806213CD29A00E2F282 /* Resources */ = {
			isa = PBXGroup;
			children = (
				81D9E7D3213CCFAB00E2F282 /* Assets.xcassets */,
			);
			path = Resources;
			sourceTree = "<group>";
		};
		A0DB65145C909C7FFF4FBC41 /* Frameworks */ = {
			isa = PBXGroup;
			children = (
				5D794F0CD8DE61FCC387D8A4 /* Pods_Movies.framework */,
				F0CE0FC087F6BAA7B304E31D /* Pods_MoviesTests.framework */,
				A9C61F736490D14E6A0951A8 /* Pods_MoviesUITests.framework */,
			);
			name = Frameworks;
			sourceTree = "<group>";
		};
/* End PBXGroup section */

/* Begin PBXNativeTarget section */
		81D9E7C8213CCFAB00E2F282 /* Movies */ = {
			isa = PBXNativeTarget;
			buildConfigurationList = 81D9E7F1213CCFAB00E2F282 /* Build configuration list for PBXNativeTarget "Movies" */;
			buildPhases = (
				CD495BBC1F018B6BDA71E1DE /* [CP] Check Pods Manifest.lock */,
				81D9E7C5213CCFAB00E2F282 /* Sources */,
				81D9E7C6213CCFAB00E2F282 /* Frameworks */,
				81D9E7C7213CCFAB00E2F282 /* Resources */,
				4CE26834A5249CA9D412FEF8 /* [CP] Embed Pods Frameworks */,
				D99DDB1E52666CD87CA37783 /* [CP] Copy Pods Resources */,
			);
			buildRules = (
			);
			dependencies = (
			);
			name = Movies;
			productName = Movies;
			productReference = 81D9E7C9213CCFAB00E2F282 /* Movies.app */;
			productType = "com.apple.product-type.application";
		};
		81D9E7DC213CCFAB00E2F282 /* MoviesTests */ = {
			isa = PBXNativeTarget;
			buildConfigurationList = 81D9E7F4213CCFAB00E2F282 /* Build configuration list for PBXNativeTarget "MoviesTests" */;
			buildPhases = (
				A0F138F8FCD756174A865138 /* [CP] Check Pods Manifest.lock */,
				81D9E7D9213CCFAB00E2F282 /* Sources */,
				81D9E7DA213CCFAB00E2F282 /* Frameworks */,
				81D9E7DB213CCFAB00E2F282 /* Resources */,
				026FFCA41AA21488625492A7 /* [CP] Embed Pods Frameworks */,
				978642B0FF611F6E0EA7DE5E /* [CP] Copy Pods Resources */,
			);
			buildRules = (
			);
			dependencies = (
				81D9E7DF213CCFAB00E2F282 /* PBXTargetDependency */,
			);
			name = MoviesTests;
			productName = MoviesTests;
			productReference = 81D9E7DD213CCFAB00E2F282 /* MoviesTests.xctest */;
			productType = "com.apple.product-type.bundle.unit-test";
		};
		81D9E7E7213CCFAB00E2F282 /* MoviesUITests */ = {
			isa = PBXNativeTarget;
			buildConfigurationList = 81D9E7F7213CCFAB00E2F282 /* Build configuration list for PBXNativeTarget "MoviesUITests" */;
			buildPhases = (
				90E2C714A72CFEFF434C6260 /* [CP] Check Pods Manifest.lock */,
				81D9E7E4213CCFAB00E2F282 /* Sources */,
				81D9E7E5213CCFAB00E2F282 /* Frameworks */,
				81D9E7E6213CCFAB00E2F282 /* Resources */,
				9D0D01677818C9B2FBA03F19 /* [CP] Embed Pods Frameworks */,
				DCD9DAB0CDCE1A759802B426 /* [CP] Copy Pods Resources */,
			);
			buildRules = (
			);
			dependencies = (
				81D9E7EA213CCFAB00E2F282 /* PBXTargetDependency */,
			);
			name = MoviesUITests;
			productName = MoviesUITests;
			productReference = 81D9E7E8213CCFAB00E2F282 /* MoviesUITests.xctest */;
			productType = "com.apple.product-type.bundle.ui-testing";
		};
/* End PBXNativeTarget section */

/* Begin PBXProject section */
		81D9E7C1213CCFAA00E2F282 /* Project object */ = {
			isa = PBXProject;
			attributes = {
				LastSwiftUpdateCheck = 0920;
				LastUpgradeCheck = 0920;
				ORGANIZATIONNAME = test;
				TargetAttributes = {
					81D9E7C8213CCFAB00E2F282 = {
						CreatedOnToolsVersion = 9.2;
						ProvisioningStyle = Automatic;
					};
					81D9E7DC213CCFAB00E2F282 = {
						CreatedOnToolsVersion = 9.2;
						ProvisioningStyle = Automatic;
						TestTargetID = 81D9E7C8213CCFAB00E2F282;
					};
					81D9E7E7213CCFAB00E2F282 = {
						CreatedOnToolsVersion = 9.2;
						ProvisioningStyle = Automatic;
						TestTargetID = 81D9E7C8213CCFAB00E2F282;
					};
				};
			};
			buildConfigurationList = 81D9E7C4213CCFAB00E2F282 /* Build configuration list for PBXProject "Movies" */;
			compatibilityVersion = "Xcode 8.0";
			developmentRegion = en;
			hasScannedForEncodings = 0;
			knownRegions = (
				en,
				Base,
			);
			mainGroup = 81D9E7C0213CCFAA00E2F282;
			productRefGroup = 81D9E7CA213CCFAB00E2F282 /* Products */;
			projectDirPath = "";
			projectRoot = "";
			targets = (
				81D9E7C8213CCFAB00E2F282 /* Movies */,
				81D9E7DC213CCFAB00E2F282 /* MoviesTests */,
				81D9E7E7213CCFAB00E2F282 /* MoviesUITests */,
			);
		};
/* End PBXProject section */

/* Begin PBXResourcesBuildPhase section */
		81D9E7C7213CCFAB00E2F282 /* Resources */ = {
			isa = PBXResourcesBuildPhase;
			buildActionMask = 2147483647;
			files = (
				8113A877213CE867003CB814 /* FavoriteTableViewCell.xib in Resources */,
				815502952140C22900A09C6D /* FilterTableViewCell.xib in Resources */,
				81D9E7D4213CCFAB00E2F282 /* Assets.xcassets in Resources */,
				8113A875213CE867003CB814 /* NavigationView.xib in Resources */,
				8113A848213CE22F003CB814 /* Main.storyboard in Resources */,
				8113A847213CE22F003CB814 /* LaunchScreen.storyboard in Resources */,
				8155027E2140B46600A09C6D /* Filter.storyboard in Resources */,
				8113A87E213CEFD8003CB814 /* MovieCollectionViewCell.xib in Resources */,
			);
			runOnlyForDeploymentPostprocessing = 0;
		};
		81D9E7DB213CCFAB00E2F282 /* Resources */ = {
			isa = PBXResourcesBuildPhase;
			buildActionMask = 2147483647;
			files = (
			);
			runOnlyForDeploymentPostprocessing = 0;
		};
		81D9E7E6213CCFAB00E2F282 /* Resources */ = {
			isa = PBXResourcesBuildPhase;
			buildActionMask = 2147483647;
			files = (
			);
			runOnlyForDeploymentPostprocessing = 0;
		};
/* End PBXResourcesBuildPhase section */

/* Begin PBXShellScriptBuildPhase section */
		026FFCA41AA21488625492A7 /* [CP] Embed Pods Frameworks */ = {
			isa = PBXShellScriptBuildPhase;
			buildActionMask = 2147483647;
			files = (
			);
			inputPaths = (
			);
			name = "[CP] Embed Pods Frameworks";
			outputPaths = (
			);
			runOnlyForDeploymentPostprocessing = 0;
			shellPath = /bin/sh;
			shellScript = "\"${SRCROOT}/Pods/Target Support Files/Pods-MoviesTests/Pods-MoviesTests-frameworks.sh\"\n";
			showEnvVarsInLog = 0;
		};
		4CE26834A5249CA9D412FEF8 /* [CP] Embed Pods Frameworks */ = {
			isa = PBXShellScriptBuildPhase;
			buildActionMask = 2147483647;
			files = (
			);
			inputPaths = (
				"${SRCROOT}/Pods/Target Support Files/Pods-Movies/Pods-Movies-frameworks.sh",
				"${BUILT_PRODUCTS_DIR}/Alamofire/Alamofire.framework",
				"${BUILT_PRODUCTS_DIR}/AlamofireNetworkActivityLogger/AlamofireNetworkActivityLogger.framework",
				"${BUILT_PRODUCTS_DIR}/Realm/Realm.framework",
				"${BUILT_PRODUCTS_DIR}/RealmSwift/RealmSwift.framework",
			);
			name = "[CP] Embed Pods Frameworks";
			outputPaths = (
				"${TARGET_BUILD_DIR}/${FRAMEWORKS_FOLDER_PATH}/Alamofire.framework",
				"${TARGET_BUILD_DIR}/${FRAMEWORKS_FOLDER_PATH}/AlamofireNetworkActivityLogger.framework",
				"${TARGET_BUILD_DIR}/${FRAMEWORKS_FOLDER_PATH}/Realm.framework",
				"${TARGET_BUILD_DIR}/${FRAMEWORKS_FOLDER_PATH}/RealmSwift.framework",
			);
			runOnlyForDeploymentPostprocessing = 0;
			shellPath = /bin/sh;
			shellScript = "\"${SRCROOT}/Pods/Target Support Files/Pods-Movies/Pods-Movies-frameworks.sh\"\n";
			showEnvVarsInLog = 0;
		};
		90E2C714A72CFEFF434C6260 /* [CP] Check Pods Manifest.lock */ = {
			isa = PBXShellScriptBuildPhase;
			buildActionMask = 2147483647;
			files = (
			);
			inputPaths = (
				"${PODS_PODFILE_DIR_PATH}/Podfile.lock",
				"${PODS_ROOT}/Manifest.lock",
			);
			name = "[CP] Check Pods Manifest.lock";
			outputPaths = (
				"$(DERIVED_FILE_DIR)/Pods-MoviesUITests-checkManifestLockResult.txt",
			);
			runOnlyForDeploymentPostprocessing = 0;
			shellPath = /bin/sh;
			shellScript = "diff \"${PODS_PODFILE_DIR_PATH}/Podfile.lock\" \"${PODS_ROOT}/Manifest.lock\" > /dev/null\nif [ $? != 0 ] ; then\n    # print error to STDERR\n    echo \"error: The sandbox is not in sync with the Podfile.lock. Run 'pod install' or update your CocoaPods installation.\" >&2\n    exit 1\nfi\n# This output is used by Xcode 'outputs' to avoid re-running this script phase.\necho \"SUCCESS\" > \"${SCRIPT_OUTPUT_FILE_0}\"\n";
			showEnvVarsInLog = 0;
		};
		978642B0FF611F6E0EA7DE5E /* [CP] Copy Pods Resources */ = {
			isa = PBXShellScriptBuildPhase;
			buildActionMask = 2147483647;
			files = (
			);
			inputPaths = (
			);
			name = "[CP] Copy Pods Resources";
			outputPaths = (
			);
			runOnlyForDeploymentPostprocessing = 0;
			shellPath = /bin/sh;
			shellScript = "\"${SRCROOT}/Pods/Target Support Files/Pods-MoviesTests/Pods-MoviesTests-resources.sh\"\n";
			showEnvVarsInLog = 0;
		};
		9D0D01677818C9B2FBA03F19 /* [CP] Embed Pods Frameworks */ = {
			isa = PBXShellScriptBuildPhase;
			buildActionMask = 2147483647;
			files = (
			);
			inputPaths = (
			);
			name = "[CP] Embed Pods Frameworks";
			outputPaths = (
			);
			runOnlyForDeploymentPostprocessing = 0;
			shellPath = /bin/sh;
			shellScript = "\"${SRCROOT}/Pods/Target Support Files/Pods-MoviesUITests/Pods-MoviesUITests-frameworks.sh\"\n";
			showEnvVarsInLog = 0;
		};
		A0F138F8FCD756174A865138 /* [CP] Check Pods Manifest.lock */ = {
			isa = PBXShellScriptBuildPhase;
			buildActionMask = 2147483647;
			files = (
			);
			inputPaths = (
				"${PODS_PODFILE_DIR_PATH}/Podfile.lock",
				"${PODS_ROOT}/Manifest.lock",
			);
			name = "[CP] Check Pods Manifest.lock";
			outputPaths = (
				"$(DERIVED_FILE_DIR)/Pods-MoviesTests-checkManifestLockResult.txt",
			);
			runOnlyForDeploymentPostprocessing = 0;
			shellPath = /bin/sh;
			shellScript = "diff \"${PODS_PODFILE_DIR_PATH}/Podfile.lock\" \"${PODS_ROOT}/Manifest.lock\" > /dev/null\nif [ $? != 0 ] ; then\n    # print error to STDERR\n    echo \"error: The sandbox is not in sync with the Podfile.lock. Run 'pod install' or update your CocoaPods installation.\" >&2\n    exit 1\nfi\n# This output is used by Xcode 'outputs' to avoid re-running this script phase.\necho \"SUCCESS\" > \"${SCRIPT_OUTPUT_FILE_0}\"\n";
			showEnvVarsInLog = 0;
		};
		CD495BBC1F018B6BDA71E1DE /* [CP] Check Pods Manifest.lock */ = {
			isa = PBXShellScriptBuildPhase;
			buildActionMask = 2147483647;
			files = (
			);
			inputPaths = (
				"${PODS_PODFILE_DIR_PATH}/Podfile.lock",
				"${PODS_ROOT}/Manifest.lock",
			);
			name = "[CP] Check Pods Manifest.lock";
			outputPaths = (
				"$(DERIVED_FILE_DIR)/Pods-Movies-checkManifestLockResult.txt",
			);
			runOnlyForDeploymentPostprocessing = 0;
			shellPath = /bin/sh;
			shellScript = "diff \"${PODS_PODFILE_DIR_PATH}/Podfile.lock\" \"${PODS_ROOT}/Manifest.lock\" > /dev/null\nif [ $? != 0 ] ; then\n    # print error to STDERR\n    echo \"error: The sandbox is not in sync with the Podfile.lock. Run 'pod install' or update your CocoaPods installation.\" >&2\n    exit 1\nfi\n# This output is used by Xcode 'outputs' to avoid re-running this script phase.\necho \"SUCCESS\" > \"${SCRIPT_OUTPUT_FILE_0}\"\n";
			showEnvVarsInLog = 0;
		};
		D99DDB1E52666CD87CA37783 /* [CP] Copy Pods Resources */ = {
			isa = PBXShellScriptBuildPhase;
			buildActionMask = 2147483647;
			files = (
			);
			inputPaths = (
			);
			name = "[CP] Copy Pods Resources";
			outputPaths = (
			);
			runOnlyForDeploymentPostprocessing = 0;
			shellPath = /bin/sh;
			shellScript = "\"${SRCROOT}/Pods/Target Support Files/Pods-Movies/Pods-Movies-resources.sh\"\n";
			showEnvVarsInLog = 0;
		};
		DCD9DAB0CDCE1A759802B426 /* [CP] Copy Pods Resources */ = {
			isa = PBXShellScriptBuildPhase;
			buildActionMask = 2147483647;
			files = (
			);
			inputPaths = (
			);
			name = "[CP] Copy Pods Resources";
			outputPaths = (
			);
			runOnlyForDeploymentPostprocessing = 0;
			shellPath = /bin/sh;
			shellScript = "\"${SRCROOT}/Pods/Target Support Files/Pods-MoviesUITests/Pods-MoviesUITests-resources.sh\"\n";
			showEnvVarsInLog = 0;
		};
/* End PBXShellScriptBuildPhase section */

/* Begin PBXSourcesBuildPhase section */
		81D9E7C5213CCFAB00E2F282 /* Sources */ = {
			isa = PBXSourcesBuildPhase;
			buildActionMask = 2147483647;
			files = (
				81D9E812213CDE0100E2F282 /* MoviesContract.swift in Sources */,
				8113A864213CE74F003CB814 /* RealmService.swift in Sources */,
				8113A878213CE867003CB814 /* FavoriteTableViewCell.swift in Sources */,
				8113A858213CE625003CB814 /* APIClient.swift in Sources */,
				815502822140B4A800A09C6D /* FilterHelper.swift in Sources */,
				817C9C17213F61A700431F6B /* ViewExtension.swift in Sources */,
				81D9E80E213CDDCC00E2F282 /* DetailMoviePresenter.swift in Sources */,
				81D9E803213CD0C000E2F282 /* DetailMovieViewController.swift in Sources */,
				8113A85A213CE625003CB814 /* APIConstant.swift in Sources */,
				815502942140C22900A09C6D /* FilterTableViewCell.swift in Sources */,
				8113A860213CE69B003CB814 /* Genre.swift in Sources */,
				81D9E816213CDE1D00E2F282 /* FavoriteContract.swift in Sources */,
				8113A84F213CE29C003CB814 /* ViewControllerExtensions.swift in Sources */,
				81D9E7CD213CCFAB00E2F282 /* AppDelegate.swift in Sources */,
				815502A32140DAEF00A09C6D /* UIApplicationExtension.swift in Sources */,
				81D9E800213CD0AC00E2F282 /* MoviesViewController.swift in Sources */,
				8113A854213CE39B003CB814 /* ConstantColor.swift in Sources */,
				81D9E805213CD0DE00E2F282 /* FavoriteViewController.swift in Sources */,
				8188FDF2213E3139006E1D86 /* Movie.swift in Sources */,
				8113A87D213CEFD8003CB814 /* MovieCollectionViewCell.swift in Sources */,
				8188FDF0213E2A24006E1D86 /* Utils.swift in Sources */,
				815502812140B4A800A09C6D /* FilterViewController.swift in Sources */,
				8113A84E213CE29C003CB814 /* SearchBarExtension.swift in Sources */,
				81D9E80C213CDDBE00E2F282 /* MoviesPresenter.swift in Sources */,
				81D9E814213CDE1200E2F282 /* DetailMovieContract.swift in Sources */,
				8113A850213CE29C003CB814 /* StringExtension.swift in Sources */,
				81D9E810213CDDD700E2F282 /* FavoritePresenter.swift in Sources */,
				815502902140C01100A09C6D /* ListFilterViewController.swift in Sources */,
				8113A876213CE867003CB814 /* NavigationView.swift in Sources */,
				8113A851213CE29C003CB814 /* ColorExtensions.swift in Sources */,
			);
			runOnlyForDeploymentPostprocessing = 0;
		};
		81D9E7D9213CCFAB00E2F282 /* Sources */ = {
			isa = PBXSourcesBuildPhase;
			buildActionMask = 2147483647;
			files = (
				81D9E7E2213CCFAB00E2F282 /* MoviesTests.swift in Sources */,
			);
			runOnlyForDeploymentPostprocessing = 0;
		};
		81D9E7E4213CCFAB00E2F282 /* Sources */ = {
			isa = PBXSourcesBuildPhase;
			buildActionMask = 2147483647;
			files = (
				81D9E7ED213CCFAB00E2F282 /* MoviesUITests.swift in Sources */,
			);
			runOnlyForDeploymentPostprocessing = 0;
		};
/* End PBXSourcesBuildPhase section */

/* Begin PBXTargetDependency section */
		81D9E7DF213CCFAB00E2F282 /* PBXTargetDependency */ = {
			isa = PBXTargetDependency;
			target = 81D9E7C8213CCFAB00E2F282 /* Movies */;
			targetProxy = 81D9E7DE213CCFAB00E2F282 /* PBXContainerItemProxy */;
		};
		81D9E7EA213CCFAB00E2F282 /* PBXTargetDependency */ = {
			isa = PBXTargetDependency;
			target = 81D9E7C8213CCFAB00E2F282 /* Movies */;
			targetProxy = 81D9E7E9213CCFAB00E2F282 /* PBXContainerItemProxy */;
		};
/* End PBXTargetDependency section */

/* Begin PBXVariantGroup section */
		8113A840213CE22E003CB814 /* LaunchScreen.storyboard */ = {
			isa = PBXVariantGroup;
			children = (
				8113A841213CE22E003CB814 /* Base */,
			);
			name = LaunchScreen.storyboard;
			sourceTree = "<group>";
		};
		8113A842213CE22E003CB814 /* Main.storyboard */ = {
			isa = PBXVariantGroup;
			children = (
				8113A843213CE22E003CB814 /* Base */,
			);
			name = Main.storyboard;
			sourceTree = "<group>";
		};
/* End PBXVariantGroup section */

/* Begin XCBuildConfiguration section */
		81D9E7EF213CCFAB00E2F282 /* Debug */ = {
			isa = XCBuildConfiguration;
			buildSettings = {
				ALWAYS_SEARCH_USER_PATHS = NO;
				CLANG_ANALYZER_NONNULL = YES;
				CLANG_ANALYZER_NUMBER_OBJECT_CONVERSION = YES_AGGRESSIVE;
				CLANG_CXX_LANGUAGE_STANDARD = "gnu++14";
				CLANG_CXX_LIBRARY = "libc++";
				CLANG_ENABLE_MODULES = YES;
				CLANG_ENABLE_OBJC_ARC = YES;
				CLANG_WARN_BLOCK_CAPTURE_AUTORELEASING = YES;
				CLANG_WARN_BOOL_CONVERSION = YES;
				CLANG_WARN_COMMA = YES;
				CLANG_WARN_CONSTANT_CONVERSION = YES;
				CLANG_WARN_DIRECT_OBJC_ISA_USAGE = YES_ERROR;
				CLANG_WARN_DOCUMENTATION_COMMENTS = YES;
				CLANG_WARN_EMPTY_BODY = YES;
				CLANG_WARN_ENUM_CONVERSION = YES;
				CLANG_WARN_INFINITE_RECURSION = YES;
				CLANG_WARN_INT_CONVERSION = YES;
				CLANG_WARN_NON_LITERAL_NULL_CONVERSION = YES;
				CLANG_WARN_OBJC_LITERAL_CONVERSION = YES;
				CLANG_WARN_OBJC_ROOT_CLASS = YES_ERROR;
				CLANG_WARN_RANGE_LOOP_ANALYSIS = YES;
				CLANG_WARN_STRICT_PROTOTYPES = YES;
				CLANG_WARN_SUSPICIOUS_MOVE = YES;
				CLANG_WARN_UNGUARDED_AVAILABILITY = YES_AGGRESSIVE;
				CLANG_WARN_UNREACHABLE_CODE = YES;
				CLANG_WARN__DUPLICATE_METHOD_MATCH = YES;
				CODE_SIGN_IDENTITY = "iPhone Developer";
				COPY_PHASE_STRIP = NO;
				DEBUG_INFORMATION_FORMAT = dwarf;
				ENABLE_STRICT_OBJC_MSGSEND = YES;
				ENABLE_TESTABILITY = YES;
				GCC_C_LANGUAGE_STANDARD = gnu11;
				GCC_DYNAMIC_NO_PIC = NO;
				GCC_NO_COMMON_BLOCKS = YES;
				GCC_OPTIMIZATION_LEVEL = 0;
				GCC_PREPROCESSOR_DEFINITIONS = (
					"DEBUG=1",
					"$(inherited)",
				);
				GCC_WARN_64_TO_32_BIT_CONVERSION = YES;
				GCC_WARN_ABOUT_RETURN_TYPE = YES_ERROR;
				GCC_WARN_UNDECLARED_SELECTOR = YES;
				GCC_WARN_UNINITIALIZED_AUTOS = YES_AGGRESSIVE;
				GCC_WARN_UNUSED_FUNCTION = YES;
				GCC_WARN_UNUSED_VARIABLE = YES;
				IPHONEOS_DEPLOYMENT_TARGET = 11.2;
				MTL_ENABLE_DEBUG_INFO = YES;
				ONLY_ACTIVE_ARCH = YES;
				SDKROOT = iphoneos;
				SWIFT_ACTIVE_COMPILATION_CONDITIONS = DEBUG;
				SWIFT_OPTIMIZATION_LEVEL = "-Onone";
			};
			name = Debug;
		};
		81D9E7F0213CCFAB00E2F282 /* Release */ = {
			isa = XCBuildConfiguration;
			buildSettings = {
				ALWAYS_SEARCH_USER_PATHS = NO;
				CLANG_ANALYZER_NONNULL = YES;
				CLANG_ANALYZER_NUMBER_OBJECT_CONVERSION = YES_AGGRESSIVE;
				CLANG_CXX_LANGUAGE_STANDARD = "gnu++14";
				CLANG_CXX_LIBRARY = "libc++";
				CLANG_ENABLE_MODULES = YES;
				CLANG_ENABLE_OBJC_ARC = YES;
				CLANG_WARN_BLOCK_CAPTURE_AUTORELEASING = YES;
				CLANG_WARN_BOOL_CONVERSION = YES;
				CLANG_WARN_COMMA = YES;
				CLANG_WARN_CONSTANT_CONVERSION = YES;
				CLANG_WARN_DIRECT_OBJC_ISA_USAGE = YES_ERROR;
				CLANG_WARN_DOCUMENTATION_COMMENTS = YES;
				CLANG_WARN_EMPTY_BODY = YES;
				CLANG_WARN_ENUM_CONVERSION = YES;
				CLANG_WARN_INFINITE_RECURSION = YES;
				CLANG_WARN_INT_CONVERSION = YES;
				CLANG_WARN_NON_LITERAL_NULL_CONVERSION = YES;
				CLANG_WARN_OBJC_LITERAL_CONVERSION = YES;
				CLANG_WARN_OBJC_ROOT_CLASS = YES_ERROR;
				CLANG_WARN_RANGE_LOOP_ANALYSIS = YES;
				CLANG_WARN_STRICT_PROTOTYPES = YES;
				CLANG_WARN_SUSPICIOUS_MOVE = YES;
				CLANG_WARN_UNGUARDED_AVAILABILITY = YES_AGGRESSIVE;
				CLANG_WARN_UNREACHABLE_CODE = YES;
				CLANG_WARN__DUPLICATE_METHOD_MATCH = YES;
				CODE_SIGN_IDENTITY = "iPhone Developer";
				COPY_PHASE_STRIP = NO;
				DEBUG_INFORMATION_FORMAT = "dwarf-with-dsym";
				ENABLE_NS_ASSERTIONS = NO;
				ENABLE_STRICT_OBJC_MSGSEND = YES;
				GCC_C_LANGUAGE_STANDARD = gnu11;
				GCC_NO_COMMON_BLOCKS = YES;
				GCC_WARN_64_TO_32_BIT_CONVERSION = YES;
				GCC_WARN_ABOUT_RETURN_TYPE = YES_ERROR;
				GCC_WARN_UNDECLARED_SELECTOR = YES;
				GCC_WARN_UNINITIALIZED_AUTOS = YES_AGGRESSIVE;
				GCC_WARN_UNUSED_FUNCTION = YES;
				GCC_WARN_UNUSED_VARIABLE = YES;
				IPHONEOS_DEPLOYMENT_TARGET = 11.2;
				MTL_ENABLE_DEBUG_INFO = NO;
				SDKROOT = iphoneos;
				SWIFT_OPTIMIZATION_LEVEL = "-Owholemodule";
				VALIDATE_PRODUCT = YES;
			};
			name = Release;
		};
		81D9E7F2213CCFAB00E2F282 /* Debug */ = {
			isa = XCBuildConfiguration;
			baseConfigurationReference = B1898E106DB87CDDA125884C /* Pods-Movies.debug.xcconfig */;
			buildSettings = {
				ASSETCATALOG_COMPILER_APPICON_NAME = AppIcon;
				CODE_SIGN_STYLE = Automatic;
				DEVELOPMENT_TEAM = P6RKB4UR9F;
				INFOPLIST_FILE = Movies/Info.plist;
				LD_RUNPATH_SEARCH_PATHS = "$(inherited) @executable_path/Frameworks";
				PRODUCT_BUNDLE_IDENTIFIER = com.Movies;
				PRODUCT_NAME = "$(TARGET_NAME)";
				SWIFT_VERSION = 4.0;
				TARGETED_DEVICE_FAMILY = "1,2";
			};
			name = Debug;
		};
		81D9E7F3213CCFAB00E2F282 /* Release */ = {
			isa = XCBuildConfiguration;
			baseConfigurationReference = 18DC63E7928D519540B6DDC0 /* Pods-Movies.release.xcconfig */;
			buildSettings = {
				ASSETCATALOG_COMPILER_APPICON_NAME = AppIcon;
				CODE_SIGN_STYLE = Automatic;
				DEVELOPMENT_TEAM = P6RKB4UR9F;
				INFOPLIST_FILE = Movies/Info.plist;
				LD_RUNPATH_SEARCH_PATHS = "$(inherited) @executable_path/Frameworks";
				PRODUCT_BUNDLE_IDENTIFIER = com.Movies;
				PRODUCT_NAME = "$(TARGET_NAME)";
				SWIFT_VERSION = 4.0;
				TARGETED_DEVICE_FAMILY = "1,2";
			};
			name = Release;
		};
		81D9E7F5213CCFAB00E2F282 /* Debug */ = {
			isa = XCBuildConfiguration;
			baseConfigurationReference = 6A958D6FD9E873791943B1B0 /* Pods-MoviesTests.debug.xcconfig */;
			buildSettings = {
				ALWAYS_EMBED_SWIFT_STANDARD_LIBRARIES = YES;
				BUNDLE_LOADER = "$(TEST_HOST)";
				CODE_SIGN_STYLE = Automatic;
				INFOPLIST_FILE = MoviesTests/Info.plist;
				LD_RUNPATH_SEARCH_PATHS = "$(inherited) @executable_path/Frameworks @loader_path/Frameworks";
				PRODUCT_BUNDLE_IDENTIFIER = com.MoviesTests;
				PRODUCT_NAME = "$(TARGET_NAME)";
				SWIFT_VERSION = 4.0;
				TARGETED_DEVICE_FAMILY = "1,2";
				TEST_HOST = "$(BUILT_PRODUCTS_DIR)/Movies.app/Movies";
			};
			name = Debug;
		};
		81D9E7F6213CCFAB00E2F282 /* Release */ = {
			isa = XCBuildConfiguration;
			baseConfigurationReference = 90C401CD3B8BAC16DE5F8C2C /* Pods-MoviesTests.release.xcconfig */;
			buildSettings = {
				ALWAYS_EMBED_SWIFT_STANDARD_LIBRARIES = YES;
				BUNDLE_LOADER = "$(TEST_HOST)";
				CODE_SIGN_STYLE = Automatic;
				INFOPLIST_FILE = MoviesTests/Info.plist;
				LD_RUNPATH_SEARCH_PATHS = "$(inherited) @executable_path/Frameworks @loader_path/Frameworks";
				PRODUCT_BUNDLE_IDENTIFIER = com.MoviesTests;
				PRODUCT_NAME = "$(TARGET_NAME)";
				SWIFT_VERSION = 4.0;
				TARGETED_DEVICE_FAMILY = "1,2";
				TEST_HOST = "$(BUILT_PRODUCTS_DIR)/Movies.app/Movies";
			};
			name = Release;
		};
		81D9E7F8213CCFAB00E2F282 /* Debug */ = {
			isa = XCBuildConfiguration;
			baseConfigurationReference = 469C1C02A7324E064915DF1A /* Pods-MoviesUITests.debug.xcconfig */;
			buildSettings = {
				ALWAYS_EMBED_SWIFT_STANDARD_LIBRARIES = YES;
				CODE_SIGN_STYLE = Automatic;
				INFOPLIST_FILE = MoviesUITests/Info.plist;
				LD_RUNPATH_SEARCH_PATHS = "$(inherited) @executable_path/Frameworks @loader_path/Frameworks";
				PRODUCT_BUNDLE_IDENTIFIER = com.MoviesUITests;
				PRODUCT_NAME = "$(TARGET_NAME)";
				SWIFT_VERSION = 4.0;
				TARGETED_DEVICE_FAMILY = "1,2";
				TEST_TARGET_NAME = Movies;
			};
			name = Debug;
		};
		81D9E7F9213CCFAB00E2F282 /* Release */ = {
			isa = XCBuildConfiguration;
			baseConfigurationReference = 4DB891C16600BA2147555907 /* Pods-MoviesUITests.release.xcconfig */;
			buildSettings = {
				ALWAYS_EMBED_SWIFT_STANDARD_LIBRARIES = YES;
				CODE_SIGN_STYLE = Automatic;
				INFOPLIST_FILE = MoviesUITests/Info.plist;
				LD_RUNPATH_SEARCH_PATHS = "$(inherited) @executable_path/Frameworks @loader_path/Frameworks";
				PRODUCT_BUNDLE_IDENTIFIER = com.MoviesUITests;
				PRODUCT_NAME = "$(TARGET_NAME)";
				SWIFT_VERSION = 4.0;
				TARGETED_DEVICE_FAMILY = "1,2";
				TEST_TARGET_NAME = Movies;
			};
			name = Release;
		};
/* End XCBuildConfiguration section */

/* Begin XCConfigurationList section */
		81D9E7C4213CCFAB00E2F282 /* Build configuration list for PBXProject "Movies" */ = {
			isa = XCConfigurationList;
			buildConfigurations = (
				81D9E7EF213CCFAB00E2F282 /* Debug */,
				81D9E7F0213CCFAB00E2F282 /* Release */,
			);
			defaultConfigurationIsVisible = 0;
			defaultConfigurationName = Release;
		};
		81D9E7F1213CCFAB00E2F282 /* Build configuration list for PBXNativeTarget "Movies" */ = {
			isa = XCConfigurationList;
			buildConfigurations = (
				81D9E7F2213CCFAB00E2F282 /* Debug */,
				81D9E7F3213CCFAB00E2F282 /* Release */,
			);
			defaultConfigurationIsVisible = 0;
			defaultConfigurationName = Release;
		};
		81D9E7F4213CCFAB00E2F282 /* Build configuration list for PBXNativeTarget "MoviesTests" */ = {
			isa = XCConfigurationList;
			buildConfigurations = (
				81D9E7F5213CCFAB00E2F282 /* Debug */,
				81D9E7F6213CCFAB00E2F282 /* Release */,
			);
			defaultConfigurationIsVisible = 0;
			defaultConfigurationName = Release;
		};
		81D9E7F7213CCFAB00E2F282 /* Build configuration list for PBXNativeTarget "MoviesUITests" */ = {
			isa = XCConfigurationList;
			buildConfigurations = (
				81D9E7F8213CCFAB00E2F282 /* Debug */,
				81D9E7F9213CCFAB00E2F282 /* Release */,
			);
			defaultConfigurationIsVisible = 0;
			defaultConfigurationName = Release;
		};
/* End XCConfigurationList section */
	};
	rootObject = 81D9E7C1213CCFAA00E2F282 /* Project object */;
}
